
Microsoft Visual Studio Solution File, Format Version 12.00
# Visual Studio 2013
VisualStudioVersion = 12.0.21005.1
MinimumVisualStudioVersion = 10.0.40219.1
Project("{E24C65DC-7377-472B-9ABA-BC803B73C61A}") = "publish_test", "http://localhost:3133", "{33972E71-DB8D-414C-A504-515106FDEFA7}"
	ProjectSection(WebsiteProperties) = preProject
		UseIISExpress = "true"
		TargetFrameworkMoniker = ".NETFramework,Version%3Dv4.0"
		Debug.AspNetCompiler.VirtualPath = "/localhost_3133"
		Debug.AspNetCompiler.PhysicalPath = "..\publish_test\"
		Debug.AspNetCompiler.TargetPath = "PrecompiledWeb\localhost_3133\"
		Debug.AspNetCompiler.Updateable = "true"
		Debug.AspNetCompiler.ForceOverwrite = "true"
		Debug.AspNetCompiler.FixedNames = "false"
		Debug.AspNetCompiler.Debug = "True"
		Release.AspNetCompiler.VirtualPath = "/localhost_3133"
		Release.AspNetCompiler.PhysicalPath = "..\publish_test\"
		Release.AspNetCompiler.TargetPath = "PrecompiledWeb\localhost_3133\"
		Release.AspNetCompiler.Updateable = "true"
		Release.AspNetCompiler.ForceOverwrite = "true"
		Release.AspNetCompiler.FixedNames = "false"
		Release.AspNetCompiler.Debug = "False"
		SlnRelativePath = "..\publish_test\"
	EndProjectSection
EndProject
Project("{E24C65DC-7377-472B-9ABA-BC803B73C61A}") = "publish_release", "http://localhost:3139", "{5EE64F29-3585-49AA-9BE7-6389AFA6C0A2}"
	ProjectSection(WebsiteProperties) = preProject
		UseIISExpress = "true"
		TargetFrameworkMoniker = ".NETFramework,Version%3Dv4.0"
		Debug.AspNetCompiler.VirtualPath = "/localhost_3139"
		Debug.AspNetCompiler.PhysicalPath = "..\publish_release\"
		Debug.AspNetCompiler.TargetPath = "PrecompiledWeb\localhost_3139\"
		Debug.AspNetCompiler.Updateable = "true"
		Debug.AspNetCompiler.ForceOverwrite = "true"
		Debug.AspNetCompiler.FixedNames = "false"
		Debug.AspNetCompiler.Debug = "True"
		Release.AspNetCompiler.VirtualPath = "/localhost_3139"
		Release.AspNetCompiler.PhysicalPath = "..\publish_release\"
		Release.AspNetCompiler.TargetPath = "PrecompiledWeb\localhost_3139\"
		Release.AspNetCompiler.Updateable = "true"
		Release.AspNetCompiler.ForceOverwrite = "true"
		Release.AspNetCompiler.FixedNames = "false"
		Release.AspNetCompiler.Debug = "False"
		SlnRelativePath = "..\publish_release\"
	EndProjectSection
EndProject
Global
	GlobalSection(SolutionConfigurationPlatforms) = preSolution
		Debug|Any CPU = Debug|Any CPU
	EndGlobalSection
	GlobalSection(ProjectConfigurationPlatforms) = postSolution
		{33972E71-DB8D-414C-A504-515106FDEFA7}.Debug|Any CPU.ActiveCfg = Debug|Any CPU
		{33972E71-DB8D-414C-A504-515106FDEFA7}.Debug|Any CPU.Build.0 = Debug|Any CPU
		{5EE64F29-3585-49AA-9BE7-6389AFA6C0A2}.Debug|Any CPU.ActiveCfg = Debug|Any CPU
		{5EE64F29-3585-49AA-9BE7-6389AFA6C0A2}.Debug|Any CPU.Build.0 = Debug|Any CPU
	EndGlobalSection
	GlobalSection(SolutionProperties) = preSolution
		HideSolutionNode = FALSE
	EndGlobalSection
EndGlobal
